// !$*UTF8*$!
{
	archiveVersion = 1;
	classes = {
	};
	objectVersion = 50;
	objects = {

/* Begin PBXBuildFile section */
		DF2DFC1F24D8537E009247F3 /* AppDelegate.swift in Sources */ = {isa = PBXBuildFile; fileRef = DF2DFC1E24D8537E009247F3 /* AppDelegate.swift */; };
		DF2DFC2124D8537E009247F3 /* SceneDelegate.swift in Sources */ = {isa = PBXBuildFile; fileRef = DF2DFC2024D8537E009247F3 /* SceneDelegate.swift */; };
		DF2DFC2324D8537E009247F3 /* ViewController.swift in Sources */ = {isa = PBXBuildFile; fileRef = DF2DFC2224D8537E009247F3 /* ViewController.swift */; };
		DF2DFC2624D8537E009247F3 /* Main.storyboard in Resources */ = {isa = PBXBuildFile; fileRef = DF2DFC2424D8537E009247F3 /* Main.storyboard */; };
		DF2DFC2824D85387009247F3 /* Assets.xcassets in Resources */ = {isa = PBXBuildFile; fileRef = DF2DFC2724D85387009247F3 /* Assets.xcassets */; };
		DF2DFC2B24D85387009247F3 /* LaunchScreen.storyboard in Resources */ = {isa = PBXBuildFile; fileRef = DF2DFC2924D85387009247F3 /* LaunchScreen.storyboard */; };
		DF2DFC3324D853F9009247F3 /* presidents.json in Resources */ = {isa = PBXBuildFile; fileRef = DF2DFC3224D853F9009247F3 /* presidents.json */; };
		DF2DFC3524D883BE009247F3 /* Presidents.swift in Sources */ = {isa = PBXBuildFile; fileRef = DF2DFC3424D883BE009247F3 /* Presidents.swift */; };
		DF2DFC3D24D88736009247F3 /* Parsing_JSON_Using_BundleTests.swift in Sources */ = {isa = PBXBuildFile; fileRef = DF2DFC3C24D88736009247F3 /* Parsing_JSON_Using_BundleTests.swift */; };
/* End PBXBuildFile section */

/* Begin PBXContainerItemProxy section */
		DF2DFC3F24D88736009247F3 /* PBXContainerItemProxy */ = {
			isa = PBXContainerItemProxy;
			containerPortal = DF2DFC1324D8537E009247F3 /* Project object */;
			proxyType = 1;
			remoteGlobalIDString = DF2DFC1A24D8537E009247F3;
			remoteInfo = "Parsing-JSON-Using-Bundle";
		};
/* End PBXContainerItemProxy section */

/* Begin PBXFileReference section */
		DF2DFC1B24D8537E009247F3 /* Parsing-JSON-Using-Bundle.app */ = {isa = PBXFileReference; explicitFileType = wrapper.application; includeInIndex = 0; path = "Parsing-JSON-Using-Bundle.app"; sourceTree = BUILT_PRODUCTS_DIR; };
		DF2DFC1E24D8537E009247F3 /* AppDelegate.swift */ = {isa = PBXFileReference; lastKnownFileType = sourcecode.swift; path = AppDelegate.swift; sourceTree = "<group>"; };
		DF2DFC2024D8537E009247F3 /* SceneDelegate.swift */ = {isa = PBXFileReference; lastKnownFileType = sourcecode.swift; path = SceneDelegate.swift; sourceTree = "<group>"; };
		DF2DFC2224D8537E009247F3 /* ViewController.swift */ = {isa = PBXFileReference; lastKnownFileType = sourcecode.swift; path = ViewController.swift; sourceTree = "<group>"; };
		DF2DFC2524D8537E009247F3 /* Base */ = {isa = PBXFileReference; lastKnownFileType = file.storyboard; name = Base; path = Base.lproj/Main.storyboard; sourceTree = "<group>"; };
		DF2DFC2724D85387009247F3 /* Assets.xcassets */ = {isa = PBXFileReference; lastKnownFileType = folder.assetcatalog; path = Assets.xcassets; sourceTree = "<group>"; };
		DF2DFC2A24D85387009247F3 /* Base */ = {isa = PBXFileReference; lastKnownFileType = file.storyboard; name = Base; path = Base.lproj/LaunchScreen.storyboard; sourceTree = "<group>"; };
		DF2DFC2C24D85387009247F3 /* Info.plist */ = {isa = PBXFileReference; lastKnownFileType = text.plist.xml; path = Info.plist; sourceTree = "<group>"; };
		DF2DFC3224D853F9009247F3 /* presidents.json */ = {isa = PBXFileReference; lastKnownFileType = text.json; path = presidents.json; sourceTree = "<group>"; };
		DF2DFC3424D883BE009247F3 /* Presidents.swift */ = {isa = PBXFileReference; lastKnownFileType = sourcecode.swift; path = Presidents.swift; sourceTree = "<group>"; };
		DF2DFC3A24D88736009247F3 /* Parsing-JSON-Using-BundleTests.xctest */ = {isa = PBXFileReference; explicitFileType = wrapper.cfbundle; includeInIndex = 0; path = "Parsing-JSON-Using-BundleTests.xctest"; sourceTree = BUILT_PRODUCTS_DIR; };
		DF2DFC3C24D88736009247F3 /* Parsing_JSON_Using_BundleTests.swift */ = {isa = PBXFileReference; lastKnownFileType = sourcecode.swift; path = Parsing_JSON_Using_BundleTests.swift; sourceTree = "<group>"; };
		DF2DFC3E24D88736009247F3 /* Info.plist */ = {isa = PBXFileReference; lastKnownFileType = text.plist.xml; path = Info.plist; sourceTree = "<group>"; };
/* End PBXFileReference section */

/* Begin PBXFrameworksBuildPhase section */
		DF2DFC1824D8537E009247F3 /* Frameworks */ = {
			isa = PBXFrameworksBuildPhase;
			buildActionMask = 2147483647;
			files = (
			);
			runOnlyForDeploymentPostprocessing = 0;
		};
		DF2DFC3724D88736009247F3 /* Frameworks */ = {
			isa = PBXFrameworksBuildPhase;
			buildActionMask = 2147483647;
			files = (
			);
			runOnlyForDeploymentPostprocessing = 0;
		};
/* End PBXFrameworksBuildPhase section */

/* Begin PBXGroup section */
		DF2DFC1224D8537E009247F3 = {
			isa = PBXGroup;
			children = (
				DF2DFC1D24D8537E009247F3 /* Parsing-JSON-Using-Bundle */,
				DF2DFC3B24D88736009247F3 /* Parsing-JSON-Using-BundleTests */,
				DF2DFC1C24D8537E009247F3 /* Products */,
			);
			sourceTree = "<group>";
		};
		DF2DFC1C24D8537E009247F3 /* Products */ = {
			isa = PBXGroup;
			children = (
				DF2DFC1B24D8537E009247F3 /* Parsing-JSON-Using-Bundle.app */,
				DF2DFC3A24D88736009247F3 /* Parsing-JSON-Using-BundleTests.xctest */,
			);
			name = Products;
			sourceTree = "<group>";
		};
		DF2DFC1D24D8537E009247F3 /* Parsing-JSON-Using-Bundle */ = {
			isa = PBXGroup;
			children = (
				DF2DFC1E24D8537E009247F3 /* AppDelegate.swift */,
				DF2DFC2024D8537E009247F3 /* SceneDelegate.swift */,
				DF2DFC2224D8537E009247F3 /* ViewController.swift */,
				DF2DFC2424D8537E009247F3 /* Main.storyboard */,
				DF2DFC3224D853F9009247F3 /* presidents.json */,
				DF2DFC3424D883BE009247F3 /* Presidents.swift */,
				DF2DFC2724D85387009247F3 /* Assets.xcassets */,
				DF2DFC2924D85387009247F3 /* LaunchScreen.storyboard */,
				DF2DFC2C24D85387009247F3 /* Info.plist */,
			);
			path = "Parsing-JSON-Using-Bundle";
			sourceTree = "<group>";
		};
		DF2DFC3B24D88736009247F3 /* Parsing-JSON-Using-BundleTests */ = {
			isa = PBXGroup;
			children = (
				DF2DFC3C24D88736009247F3 /* Parsing_JSON_Using_BundleTests.swift */,
				DF2DFC3E24D88736009247F3 /* Info.plist */,
			);
			path = "Parsing-JSON-Using-BundleTests";
			sourceTree = "<group>";
		};
/* End PBXGroup section */

/* Begin PBXNativeTarget section */
		DF2DFC1A24D8537E009247F3 /* Parsing-JSON-Using-Bundle */ = {
			isa = PBXNativeTarget;
			buildConfigurationList = DF2DFC2F24D85387009247F3 /* Build configuration list for PBXNativeTarget "Parsing-JSON-Using-Bundle" */;
			buildPhases = (
				DF2DFC1724D8537E009247F3 /* Sources */,
				DF2DFC1824D8537E009247F3 /* Frameworks */,
				DF2DFC1924D8537E009247F3 /* Resources */,
			);
			buildRules = (
			);
			dependencies = (
			);
			name = "Parsing-JSON-Using-Bundle";
			productName = "Parsing-JSON-Using-Bundle";
			productReference = DF2DFC1B24D8537E009247F3 /* Parsing-JSON-Using-Bundle.app */;
			productType = "com.apple.product-type.application";
		};
		DF2DFC3924D88736009247F3 /* Parsing-JSON-Using-BundleTests */ = {
			isa = PBXNativeTarget;
			buildConfigurationList = DF2DFC4124D88736009247F3 /* Build configuration list for PBXNativeTarget "Parsing-JSON-Using-BundleTests" */;
			buildPhases = (
				DF2DFC3624D88736009247F3 /* Sources */,
				DF2DFC3724D88736009247F3 /* Frameworks */,
				DF2DFC3824D88736009247F3 /* Resources */,
			);
			buildRules = (
			);
			dependencies = (
				DF2DFC4024D88736009247F3 /* PBXTargetDependency */,
			);
			name = "Parsing-JSON-Using-BundleTests";
			productName = "Parsing-JSON-Using-BundleTests";
			productReference = DF2DFC3A24D88736009247F3 /* Parsing-JSON-Using-BundleTests.xctest */;
			productType = "com.apple.product-type.bundle.unit-test";
		};
/* End PBXNativeTarget section */

/* Begin PBXProject section */
		DF2DFC1324D8537E009247F3 /* Project object */ = {
			isa = PBXProject;
			attributes = {
				LastSwiftUpdateCheck = 1160;
				LastUpgradeCheck = 1160;
				ORGANIZATIONNAME = ericW;
				TargetAttributes = {
					DF2DFC1A24D8537E009247F3 = {
						CreatedOnToolsVersion = 11.6;
					};
					DF2DFC3924D88736009247F3 = {
						CreatedOnToolsVersion = 11.6;
						TestTargetID = DF2DFC1A24D8537E009247F3;
					};
				};
			};
			buildConfigurationList = DF2DFC1624D8537E009247F3 /* Build configuration list for PBXProject "Parsing-JSON-Using-Bundle" */;
			compatibilityVersion = "Xcode 9.3";
			developmentRegion = en;
			hasScannedForEncodings = 0;
			knownRegions = (
				en,
				Base,
			);
			mainGroup = DF2DFC1224D8537E009247F3;
			productRefGroup = DF2DFC1C24D8537E009247F3 /* Products */;
			projectDirPath = "";
			projectRoot = "";
			targets = (
				DF2DFC1A24D8537E009247F3 /* Parsing-JSON-Using-Bundle */,
				DF2DFC3924D88736009247F3 /* Parsing-JSON-Using-BundleTests */,
			);
		};
/* End PBXProject section */

/* Begin PBXResourcesBuildPhase section */
		DF2DFC1924D8537E009247F3 /* Resources */ = {
			isa = PBXResourcesBuildPhase;
			buildActionMask = 2147483647;
			files = (
				DF2DFC3324D853F9009247F3 /* presidents.json in Resources */,
				DF2DFC2B24D85387009247F3 /* LaunchScreen.storyboard in Resources */,
				DF2DFC2824D85387009247F3 /* Assets.xcassets in Resources */,
				DF2DFC2624D8537E009247F3 /* Main.storyboard in Resources */,
			);
			runOnlyForDeploymentPostprocessing = 0;
		};
		DF2DFC3824D88736009247F3 /* Resources */ = {
			isa = PBXResourcesBuildPhase;
			buildActionMask = 2147483647;
			files = (
			);
			runOnlyForDeploymentPostprocessing = 0;
		};
/* End PBXResourcesBuildPhase section */

/* Begin PBXSourcesBuildPhase section */
		DF2DFC1724D8537E009247F3 /* Sources */ = {
			isa = PBXSourcesBuildPhase;
			buildActionMask = 2147483647;
			files = (
				DF2DFC3524D883BE009247F3 /* Presidents.swift in Sources */,
				DF2DFC2324D8537E009247F3 /* ViewController.swift in Sources */,
				DF2DFC1F24D8537E009247F3 /* AppDelegate.swift in Sources */,
				DF2DFC2124D8537E009247F3 /* SceneDelegate.swift in Sources */,
			);
			runOnlyForDeploymentPostprocessing = 0;
		};
		DF2DFC3624D88736009247F3 /* Sources */ = {
			isa = PBXSourcesBuildPhase;
			buildActionMask = 2147483647;
			files = (
				DF2DFC3D24D88736009247F3 /* Parsing_JSON_Using_BundleTests.swift in Sources */,
			);
			runOnlyForDeploymentPostprocessing = 0;
		};
/* End PBXSourcesBuildPhase section */

/* Begin PBXTargetDependency section */
		DF2DFC4024D88736009247F3 /* PBXTargetDependency */ = {
			isa = PBXTargetDependency;
			target = DF2DFC1A24D8537E009247F3 /* Parsing-JSON-Using-Bundle */;
			targetProxy = DF2DFC3F24D88736009247F3 /* PBXContainerItemProxy */;
		};
/* End PBXTargetDependency section */

/* Begin PBXVariantGroup section */
		DF2DFC2424D8537E009247F3 /* Main.storyboard */ = {
			isa = PBXVariantGroup;
			children = (
				DF2DFC2524D8537E009247F3 /* Base */,
			);
			name = Main.storyboard;
			sourceTree = "<group>";
		};
		DF2DFC2924D85387009247F3 /* LaunchScreen.storyboard */ = {
			isa = PBXVariantGroup;
			children = (
				DF2DFC2A24D85387009247F3 /* Base */,
			);
			name = LaunchScreen.storyboard;
			sourceTree = "<group>";
		};
/* End PBXVariantGroup section */

/* Begin XCBuildConfiguration section */
		DF2DFC2D24D85387009247F3 /* Debug */ = {
			isa = XCBuildConfiguration;
			buildSettings = {
				ALWAYS_SEARCH_USER_PATHS = NO;
				CLANG_ANALYZER_NONNULL = YES;
				CLANG_ANALYZER_NUMBER_OBJECT_CONVERSION = YES_AGGRESSIVE;
				CLANG_CXX_LANGUAGE_STANDARD = "gnu++14";
				CLANG_CXX_LIBRARY = "libc++";
				CLANG_ENABLE_MODULES = YES;
				CLANG_ENABLE_OBJC_ARC = YES;
				CLANG_ENABLE_OBJC_WEAK = YES;
				CLANG_WARN_BLOCK_CAPTURE_AUTORELEASING = YES;
				CLANG_WARN_BOOL_CONVERSION = YES;
				CLANG_WARN_COMMA = YES;
				CLANG_WARN_CONSTANT_CONVERSION = YES;
				CLANG_WARN_DEPRECATED_OBJC_IMPLEMENTATIONS = YES;
				CLANG_WARN_DIRECT_OBJC_ISA_USAGE = YES_ERROR;
				CLANG_WARN_DOCUMENTATION_COMMENTS = YES;
				CLANG_WARN_EMPTY_BODY = YES;
				CLANG_WARN_ENUM_CONVERSION = YES;
				CLANG_WARN_INFINITE_RECURSION = YES;
				CLANG_WARN_INT_CONVERSION = YES;
				CLANG_WARN_NON_LITERAL_NULL_CONVERSION = YES;
				CLANG_WARN_OBJC_IMPLICIT_RETAIN_SELF = YES;
				CLANG_WARN_OBJC_LITERAL_CONVERSION = YES;
				CLANG_WARN_OBJC_ROOT_CLASS = YES_ERROR;
				CLANG_WARN_RANGE_LOOP_ANALYSIS = YES;
				CLANG_WARN_STRICT_PROTOTYPES = YES;
				CLANG_WARN_SUSPICIOUS_MOVE = YES;
				CLANG_WARN_UNGUARDED_AVAILABILITY = YES_AGGRESSIVE;
				CLANG_WARN_UNREACHABLE_CODE = YES;
				CLANG_WARN__DUPLICATE_METHOD_MATCH = YES;
				COPY_PHASE_STRIP = NO;
				DEBUG_INFORMATION_FORMAT = dwarf;
				ENABLE_STRICT_OBJC_MSGSEND = YES;
				ENABLE_TESTABILITY = YES;
				GCC_C_LANGUAGE_STANDARD = gnu11;
				GCC_DYNAMIC_NO_PIC = NO;
				GCC_NO_COMMON_BLOCKS = YES;
				GCC_OPTIMIZATION_LEVEL = 0;
				GCC_PREPROCESSOR_DEFINITIONS = (
					"DEBUG=1",
					"$(inherited)",
				);
				GCC_WARN_64_TO_32_BIT_CONVERSION = YES;
				GCC_WARN_ABOUT_RETURN_TYPE = YES_ERROR;
				GCC_WARN_UNDECLARED_SELECTOR = YES;
				GCC_WARN_UNINITIALIZED_AUTOS = YES_AGGRESSIVE;
				GCC_WARN_UNUSED_FUNCTION = YES;
				GCC_WARN_UNUSED_VARIABLE = YES;
				IPHONEOS_DEPLOYMENT_TARGET = 13.6;
				MTL_ENABLE_DEBUG_INFO = INCLUDE_SOURCE;
				MTL_FAST_MATH = YES;
				ONLY_ACTIVE_ARCH = YES;
				SDKROOT = iphoneos;
				SWIFT_ACTIVE_COMPILATION_CONDITIONS = DEBUG;
				SWIFT_OPTIMIZATION_LEVEL = "-Onone";
			};
			name = Debug;
		};
		DF2DFC2E24D85387009247F3 /* Release */ = {
			isa = XCBuildConfiguration;
			buildSettings = {
				ALWAYS_SEARCH_USER_PATHS = NO;
				CLANG_ANALYZER_NONNULL = YES;
				CLANG_ANALYZER_NUMBER_OBJECT_CONVERSION = YES_AGGRESSIVE;
				CLANG_CXX_LANGUAGE_STANDARD = "gnu++14";
				CLANG_CXX_LIBRARY = "libc++";
				CLANG_ENABLE_MODULES = YES;
				CLANG_ENABLE_OBJC_ARC = YES;
				CLANG_ENABLE_OBJC_WEAK = YES;
				CLANG_WARN_BLOCK_CAPTURE_AUTORELEASING = YES;
				CLANG_WARN_BOOL_CONVERSION = YES;
				CLANG_WARN_COMMA = YES;
				CLANG_WARN_CONSTANT_CONVERSION = YES;
				CLANG_WARN_DEPRECATED_OBJC_IMPLEMENTATIONS = YES;
				CLANG_WARN_DIRECT_OBJC_ISA_USAGE = YES_ERROR;
				CLANG_WARN_DOCUMENTATION_COMMENTS = YES;
				CLANG_WARN_EMPTY_BODY = YES;
				CLANG_WARN_ENUM_CONVERSION = YES;
				CLANG_WARN_INFINITE_RECURSION = YES;
				CLANG_WARN_INT_CONVERSION = YES;
				CLANG_WARN_NON_LITERAL_NULL_CONVERSION = YES;
				CLANG_WARN_OBJC_IMPLICIT_RETAIN_SELF = YES;
				CLANG_WARN_OBJC_LITERAL_CONVERSION = YES;
				CLANG_WARN_OBJC_ROOT_CLASS = YES_ERROR;
				CLANG_WARN_RANGE_LOOP_ANALYSIS = YES;
				CLANG_WARN_STRICT_PROTOTYPES = YES;
				CLANG_WARN_SUSPICIOUS_MOVE = YES;
				CLANG_WARN_UNGUARDED_AVAILABILITY = YES_AGGRESSIVE;
				CLANG_WARN_UNREACHABLE_CODE = YES;
				CLANG_WARN__DUPLICATE_METHOD_MATCH = YES;
				COPY_PHASE_STRIP = NO;
				DEBUG_INFORMATION_FORMAT = "dwarf-with-dsym";
				ENABLE_NS_ASSERTIONS = NO;
				ENABLE_STRICT_OBJC_MSGSEND = YES;
				GCC_C_LANGUAGE_STANDARD = gnu11;
				GCC_NO_COMMON_BLOCKS = YES;
				GCC_WARN_64_TO_32_BIT_CONVERSION = YES;
				GCC_WARN_ABOUT_RETURN_TYPE = YES_ERROR;
				GCC_WARN_UNDECLARED_SELECTOR = YES;
				GCC_WARN_UNINITIALIZED_AUTOS = YES_AGGRESSIVE;
				GCC_WARN_UNUSED_FUNCTION = YES;
				GCC_WARN_UNUSED_VARIABLE = YES;
				IPHONEOS_DEPLOYMENT_TARGET = 13.6;
				MTL_ENABLE_DEBUG_INFO = NO;
				MTL_FAST_MATH = YES;
				SDKROOT = iphoneos;
				SWIFT_COMPILATION_MODE = wholemodule;
				SWIFT_OPTIMIZATION_LEVEL = "-O";
				VALIDATE_PRODUCT = YES;
			};
			name = Release;
		};
		DF2DFC3024D85387009247F3 /* Debug */ = {
			isa = XCBuildConfiguration;
			buildSettings = {
				ASSETCATALOG_COMPILER_APPICON_NAME = AppIcon;
				CODE_SIGN_STYLE = Automatic;
				DEVELOPMENT_TEAM = UZAZ4GBUSA;
				INFOPLIST_FILE = "Parsing-JSON-Using-Bundle/Info.plist";
				LD_RUNPATH_SEARCH_PATHS = (
					"$(inherited)",
					"@executable_path/Frameworks",
				);
				PRODUCT_BUNDLE_IDENTIFIER = "com.ericW.Parsing-JSON-Using-Bundle";
				PRODUCT_NAME = "$(TARGET_NAME)";
				SWIFT_VERSION = 5.0;
				TARGETED_DEVICE_FAMILY = "1,2";
			};
			name = Debug;
		};
		DF2DFC3124D85387009247F3 /* Release */ = {
			isa = XCBuildConfiguration;
			buildSettings = {
				ASSETCATALOG_COMPILER_APPICON_NAME = AppIcon;
				CODE_SIGN_STYLE = Automatic;
				DEVELOPMENT_TEAM = UZAZ4GBUSA;
				INFOPLIST_FILE = "Parsing-JSON-Using-Bundle/Info.plist";
				LD_RUNPATH_SEARCH_PATHS = (
					"$(inherited)",
					"@executable_path/Frameworks",
				);
				PRODUCT_BUNDLE_IDENTIFIER = "com.ericW.Parsing-JSON-Using-Bundle";
				PRODUCT_NAME = "$(TARGET_NAME)";
				SWIFT_VERSION = 5.0;
				TARGETED_DEVICE_FAMILY = "1,2";
			};
			name = Release;
		};
		DF2DFC4224D88736009247F3 /* Debug */ = {
			isa = XCBuildConfiguration;
			buildSettings = {
				BUNDLE_LOADER = "$(TEST_HOST)";
				CODE_SIGN_STYLE = Automatic;
				DEVELOPMENT_TEAM = UZAZ4GBUSA;
				INFOPLIST_FILE = "Parsing-JSON-Using-BundleTests/Info.plist";
				LD_RUNPATH_SEARCH_PATHS = (
					"$(inherited)",
					"@executable_path/Frameworks",
					"@loader_path/Frameworks",
				);
				PRODUCT_BUNDLE_IDENTIFIER = "com.ericW.Parsing-JSON-Using-BundleTests";
				PRODUCT_NAME = "$(TARGET_NAME)";
				SWIFT_VERSION = 5.0;
				TARGETED_DEVICE_FAMILY = "1,2";
				TEST_HOST = "$(BUILT_PRODUCTS_DIR)/Parsing-JSON-Using-Bundle.app/Parsing-JSON-Using-Bundle";
			};
			name = Debug;
		};
		DF2DFC4324D88736009247F3 /* Release */ = {
			isa = XCBuildConfiguration;
			buildSettings = {
				BUNDLE_LOADER = "$(TEST_HOST)";
				CODE_SIGN_STYLE = Automatic;
				DEVELOPMENT_TEAM = UZAZ4GBUSA;
				INFOPLIST_FILE = "Parsing-JSON-Using-BundleTests/Info.plist";
				LD_RUNPATH_SEARCH_PATHS = (
					"$(inherited)",
					"@executable_path/Frameworks",
					"@loader_path/Frameworks",
				);
				PRODUCT_BUNDLE_IDENTIFIER = "com.ericW.Parsing-JSON-Using-BundleTests";
				PRODUCT_NAME = "$(TARGET_NAME)";
				SWIFT_VERSION = 5.0;
				TARGETED_DEVICE_FAMILY = "1,2";
				TEST_HOST = "$(BUILT_PRODUCTS_DIR)/Parsing-JSON-Using-Bundle.app/Parsing-JSON-Using-Bundle";
			};
			name = Release;
		};
/* End XCBuildConfiguration section */

/* Begin XCConfigurationList section */
		DF2DFC1624D8537E009247F3 /* Build configuration list for PBXProject "Parsing-JSON-Using-Bundle" */ = {
			isa = XCConfigurationList;
			buildConfigurations = (
				DF2DFC2D24D85387009247F3 /* Debug */,
				DF2DFC2E24D85387009247F3 /* Release */,
			);
			defaultConfigurationIsVisible = 0;
			defaultConfigurationName = Release;
		};
		DF2DFC2F24D85387009247F3 /* Build configuration list for PBXNativeTarget "Parsing-JSON-Using-Bundle" */ = {
			isa = XCConfigurationList;
			buildConfigurations = (
				DF2DFC3024D85387009247F3 /* Debug */,
				DF2DFC3124D85387009247F3 /* Release */,
			);
			defaultConfigurationIsVisible = 0;
			defaultConfigurationName = Release;
		};
		DF2DFC4124D88736009247F3 /* Build configuration list for PBXNativeTarget "Parsing-JSON-Using-BundleTests" */ = {
			isa = XCConfigurationList;
			buildConfigurations = (
				DF2DFC4224D88736009247F3 /* Debug */,
				DF2DFC4324D88736009247F3 /* Release */,
			);
			defaultConfigurationIsVisible = 0;
			defaultConfigurationName = Release;
		};
/* End XCConfigurationList section */
	};
	rootObject = DF2DFC1324D8537E009247F3 /* Project object */;
}
